
Microsoft Visual Studio Solution File, Format Version 12.00
# Visual Studio Version 16
VisualStudioVersion = 16.0.28922.388
MinimumVisualStudioVersion = 10.0.40219.1
Project("{2150E333-8FDC-42A3-9474-1A3956D46DE8}") = "Application", "Application", "{198D6661-A773-44AA-825A-B9E9F8FDE74B}"
EndProject
Project("{2150E333-8FDC-42A3-9474-1A3956D46DE8}") = "Domain", "Domain", "{FEE6B05A-B0AB-439B-B7DB-57F8B8526631}"
EndProject
Project("{2150E333-8FDC-42A3-9474-1A3956D46DE8}") = "Infra.Data", "Infra.Data", "{04F71983-735B-4B9D-96D7-8FFE9669CB01}"
EndProject
Project("{2150E333-8FDC-42A3-9474-1A3956D46DE8}") = "Infra.IoC", "Infra.IoC", "{28702F8F-D345-4715-91E0-6A01CEBA2B69}"
EndProject
Project("{2150E333-8FDC-42A3-9474-1A3956D46DE8}") = "Presentation", "Presentation", "{C97B35CC-76E9-4522-A834-A37EBFC0A98F}"
EndProject
Project("{9A19103F-16F7-4668-BE54-9A1E7A4F7556}") = "CleanArch.Mvc", "CleanArch.Mvc\CleanArch.Mvc.csproj", "{E15DEFD0-79BC-4A59-8234-A76770D18E5C}"
EndProject
Project("{FAE04EC0-301F-11D3-BF4B-00C04F79EFBC}") = "CleanArch.Domain", "CleanArch.Domain\CleanArch.Domain.csproj", "{3A02CE04-CEED-44F1-90CB-2786E1DD0BB1}"
EndProject
Global
	GlobalSection(SolutionConfigurationPlatforms) = preSolution
		Debug|Any CPU = Debug|Any CPU
		Release|Any CPU = Release|Any CPU
	EndGlobalSection
	GlobalSection(ProjectConfigurationPlatforms) = postSolution
		{E15DEFD0-79BC-4A59-8234-A76770D18E5C}.Debug|Any CPU.ActiveCfg = Debug|Any CPU
		{E15DEFD0-79BC-4A59-8234-A76770D18E5C}.Debug|Any CPU.Build.0 = Debug|Any CPU
		{E15DEFD0-79BC-4A59-8234-A76770D18E5C}.Release|Any CPU.ActiveCfg = Release|Any CPU
		{E15DEFD0-79BC-4A59-8234-A76770D18E5C}.Release|Any CPU.Build.0 = Release|Any CPU
		{3A02CE04-CEED-44F1-90CB-2786E1DD0BB1}.Debug|Any CPU.ActiveCfg = Debug|Any CPU
		{3A02CE04-CEED-44F1-90CB-2786E1DD0BB1}.Debug|Any CPU.Build.0 = Debug|Any CPU
		{3A02CE04-CEED-44F1-90CB-2786E1DD0BB1}.Release|Any CPU.ActiveCfg = Release|Any CPU
		{3A02CE04-CEED-44F1-90CB-2786E1DD0BB1}.Release|Any CPU.Build.0 = Release|Any CPU
	EndGlobalSection
	GlobalSection(SolutionProperties) = preSolution
		HideSolutionNode = FALSE
	EndGlobalSection
	GlobalSection(NestedProjects) = preSolution
		{E15DEFD0-79BC-4A59-8234-A76770D18E5C} = {C97B35CC-76E9-4522-A834-A37EBFC0A98F}
		{3A02CE04-CEED-44F1-90CB-2786E1DD0BB1} = {FEE6B05A-B0AB-439B-B7DB-57F8B8526631}
	EndGlobalSection
	GlobalSection(ExtensibilityGlobals) = postSolution
		SolutionGuid = {E8A19138-E6EF-447D-AC6A-D719134F0E51}
	EndGlobalSection
EndGlobal
